
Microsoft Visual Studio Solution File, Format Version 12.00
# Visual Studio Version 17
VisualStudioVersion = 17.0.31903.59
MinimumVisualStudioVersion = 10.0.40219.1
Project("{FAE04EC0-301F-11D3-BF4B-00C04F79EFBC}") = "Functions", "Functions\Functions.csproj", "{76B2A3BF-CFCB-442E-971E-DC363B2FCD31}"
EndProject
Global
	GlobalSection(SolutionConfigurationPlatforms) = preSolution
		Debug|Any CPU = Debug|Any CPU
		Release|Any CPU = Release|Any CPU
	EndGlobalSection
	GlobalSection(SolutionProperties) = preSolution
		HideSolutionNode = FALSE
	EndGlobalSection
	GlobalSection(ProjectConfigurationPlatforms) = postSolution
		{522FF62B-F960-486B-BBB8-281E16C9E8F4}.Debug|Any CPU.ActiveCfg = Debug|Any CPU
		{522FF62B-F960-486B-BBB8-281E16C9E8F4}.Debug|Any CPU.Build.0 = Debug|Any CPU
		{522FF62B-F960-486B-BBB8-281E16C9E8F4}.Release|Any CPU.ActiveCfg = Release|Any CPU
		{522FF62B-F960-486B-BBB8-281E16C9E8F4}.Release|Any CPU.Build.0 = Release|Any CPU
		{76B2A3BF-CFCB-442E-971E-DC363B2FCD31}.Debug|Any CPU.ActiveCfg = Debug|Any CPU
		{76B2A3BF-CFCB-442E-971E-DC363B2FCD31}.Debug|Any CPU.Build.0 = Debug|Any CPU
		{76B2A3BF-CFCB-442E-971E-DC363B2FCD31}.Release|Any CPU.ActiveCfg = Release|Any CPU
		{76B2A3BF-CFCB-442E-971E-DC363B2FCD31}.Release|Any CPU.Build.0 = Release|Any CPU
	EndGlobalSection
EndGlobal
