
Microsoft Visual Studio Solution File, Format Version 12.00
# Visual Studio Version 17
VisualStudioVersion = 17.5.002.0
MinimumVisualStudioVersion = 10.0.40219.1
Project("{9A19103F-16F7-4668-BE54-9A1E7A4F7556}") = "MySemanticKernelApp", "MySemanticKernelApp\MySemanticKernelApp.csproj", "{38BEADDD-1C1B-4F0F-8AD9-A898E06C1F0F}"
EndProject
Global
	GlobalSection(SolutionConfigurationPlatforms) = preSolution
		Debug|Any CPU = Debug|Any CPU
		Release|Any CPU = Release|Any CPU
	EndGlobalSection
	GlobalSection(ProjectConfigurationPlatforms) = postSolution
		{38BEADDD-1C1B-4F0F-8AD9-A898E06C1F0F}.Debug|Any CPU.ActiveCfg = Debug|Any CPU
		{38BEADDD-1C1B-4F0F-8AD9-A898E06C1F0F}.Debug|Any CPU.Build.0 = Debug|Any CPU
		{38BEADDD-1C1B-4F0F-8AD9-A898E06C1F0F}.Release|Any CPU.ActiveCfg = Release|Any CPU
		{38BEADDD-1C1B-4F0F-8AD9-A898E06C1F0F}.Release|Any CPU.Build.0 = Release|Any CPU
	EndGlobalSection
	GlobalSection(SolutionProperties) = preSolution
		HideSolutionNode = FALSE
	EndGlobalSection
	GlobalSection(ExtensibilityGlobals) = postSolution
		SolutionGuid = {F20DEA80-BC1A-45A4-9517-D4AB341B71FA}
	EndGlobalSection
EndGlobal
