Microsoft Visual Studio Solution File, Format Version 12.00
# Visual Studio Version 17
VisualStudioVersion = 17.5.2.0
MinimumVisualStudioVersion = 10.0.40219.1
Project("{FAE04EC0-301F-11D3-BF4B-00C04F79EFBC}") = "codeful-logicapp", "codeful-logicapp.csproj", "{0DE3EB64-DDF0-8E95-F117-1D8ACD31CCD6}"
EndProject
Global
	GlobalSection(SolutionConfigurationPlatforms) = preSolution
		Debug|Any CPU = Debug|Any CPU
		Release|Any CPU = Release|Any CPU
	EndGlobalSection
	GlobalSection(ProjectConfigurationPlatforms) = postSolution
		{0DE3EB64-DDF0-8E95-F117-1D8ACD31CCD6}.Debug|Any CPU.ActiveCfg = Debug|Any CPU
		{0DE3EB64-DDF0-8E95-F117-1D8ACD31CCD6}.Debug|Any CPU.Build.0 = Debug|Any CPU
		{0DE3EB64-DDF0-8E95-F117-1D8ACD31CCD6}.Release|Any CPU.ActiveCfg = Release|Any CPU
		{0DE3EB64-DDF0-8E95-F117-1D8ACD31CCD6}.Release|Any CPU.Build.0 = Release|Any CPU
	EndGlobalSection
	GlobalSection(SolutionProperties) = preSolution
		HideSolutionNode = FALSE
	EndGlobalSection
	GlobalSection(ExtensibilityGlobals) = postSolution
		SolutionGuid = {BB71A5BB-242D-467C-8956-A9F86078214C}
	EndGlobalSection
EndGlobal
