
Microsoft Visual Studio Solution File, Format Version 12.00
# Visual Studio Version 16
VisualStudioVersion = 16.0.31729.503
MinimumVisualStudioVersion = 10.0.40219.1
Project("{9A19103F-16F7-4668-BE54-9A1E7A4F7556}") = "TestCases", "TestCases\TestCases.csproj", "{41BA60A8-C09D-404B-85D3-8C6EA0208244}"
	ProjectSection(ProjectDependencies) = postProject
		{A38F3075-86D0-489C-9533-77B73551F894} = {A38F3075-86D0-489C-9533-77B73551F894}
	EndProjectSection
EndProject
Project("{FAE04EC0-301F-11D3-BF4B-00C04F79EFBC}") = "TestFramework", "TestFramework\TestFramework.csproj", "{A38F3075-86D0-489C-9533-77B73551F894}"
EndProject
Global
	GlobalSection(SolutionConfigurationPlatforms) = preSolution
		Debug|Any CPU = Debug|Any CPU
		Release|Any CPU = Release|Any CPU
	EndGlobalSection
	GlobalSection(ProjectConfigurationPlatforms) = postSolution
		{41BA60A8-C09D-404B-85D3-8C6EA0208244}.Debug|Any CPU.ActiveCfg = Debug|Any CPU
		{41BA60A8-C09D-404B-85D3-8C6EA0208244}.Debug|Any CPU.Build.0 = Debug|Any CPU
		{41BA60A8-C09D-404B-85D3-8C6EA0208244}.Release|Any CPU.ActiveCfg = Release|Any CPU
		{41BA60A8-C09D-404B-85D3-8C6EA0208244}.Release|Any CPU.Build.0 = Release|Any CPU
		{A38F3075-86D0-489C-9533-77B73551F894}.Debug|Any CPU.ActiveCfg = Debug|Any CPU
		{A38F3075-86D0-489C-9533-77B73551F894}.Debug|Any CPU.Build.0 = Debug|Any CPU
		{A38F3075-86D0-489C-9533-77B73551F894}.Release|Any CPU.ActiveCfg = Release|Any CPU
		{A38F3075-86D0-489C-9533-77B73551F894}.Release|Any CPU.Build.0 = Release|Any CPU
	EndGlobalSection
	GlobalSection(SolutionProperties) = preSolution
		HideSolutionNode = FALSE
	EndGlobalSection
	GlobalSection(ExtensibilityGlobals) = postSolution
		SolutionGuid = {088BAC01-EB70-440C-950B-2B887C066FCC}
	EndGlobalSection
EndGlobal
